
Microsoft Visual Studio Solution File, Format Version 12.00
# Visual Studio Version 17
VisualStudioVersion = 17.14.37012.4
MinimumVisualStudioVersion = 10.0.40219.1
Project("{FAE04EC0-301F-11D3-BF4B-00C04F79EFBC}") = "NCRecordShop", "NCRecordShop\NCRecordShop.csproj", "{1C5EF769-F048-43C5-A614-83E446369D13}"
EndProject
Project("{FAE04EC0-301F-11D3-BF4B-00C04F79EFBC}") = "RecordShop.Tests", "RecordShop.Tests\RecordShop.Tests.csproj", "{11BC36A9-CF18-451A-AAEE-46C060A1EEFC}"
EndProject
Project("{FAE04EC0-301F-11D3-BF4B-00C04F79EFBC}") = "NCRecordShop.Blazor", "NCRecordShop.Blazor\NCRecordShop.Blazor\NCRecordShop.Blazor.csproj", "{732CC8D4-309A-4F38-A409-E6F58367181B}"
EndProject
Project("{FAE04EC0-301F-11D3-BF4B-00C04F79EFBC}") = "NCRecordShop.Blazor.Client", "NCRecordShop.Blazor\NCRecordShop.Blazor.Client\NCRecordShop.Blazor.Client.csproj", "{DC1365F1-9F3D-4880-B253-7D812BE935A7}"
EndProject
Global
	GlobalSection(SolutionConfigurationPlatforms) = preSolution
		Debug|Any CPU = Debug|Any CPU
		Release|Any CPU = Release|Any CPU
	EndGlobalSection
	GlobalSection(ProjectConfigurationPlatforms) = postSolution
		{1C5EF769-F048-43C5-A614-83E446369D13}.Debug|Any CPU.ActiveCfg = Debug|Any CPU
		{1C5EF769-F048-43C5-A614-83E446369D13}.Debug|Any CPU.Build.0 = Debug|Any CPU
		{1C5EF769-F048-43C5-A614-83E446369D13}.Release|Any CPU.ActiveCfg = Release|Any CPU
		{1C5EF769-F048-43C5-A614-83E446369D13}.Release|Any CPU.Build.0 = Release|Any CPU
		{11BC36A9-CF18-451A-AAEE-46C060A1EEFC}.Debug|Any CPU.ActiveCfg = Debug|Any CPU
		{11BC36A9-CF18-451A-AAEE-46C060A1EEFC}.Debug|Any CPU.Build.0 = Debug|Any CPU
		{11BC36A9-CF18-451A-AAEE-46C060A1EEFC}.Release|Any CPU.ActiveCfg = Release|Any CPU
		{11BC36A9-CF18-451A-AAEE-46C060A1EEFC}.Release|Any CPU.Build.0 = Release|Any CPU
		{732CC8D4-309A-4F38-A409-E6F58367181B}.Debug|Any CPU.ActiveCfg = Debug|Any CPU
		{732CC8D4-309A-4F38-A409-E6F58367181B}.Debug|Any CPU.Build.0 = Debug|Any CPU
		{732CC8D4-309A-4F38-A409-E6F58367181B}.Release|Any CPU.ActiveCfg = Release|Any CPU
		{732CC8D4-309A-4F38-A409-E6F58367181B}.Release|Any CPU.Build.0 = Release|Any CPU
		{DC1365F1-9F3D-4880-B253-7D812BE935A7}.Debug|Any CPU.ActiveCfg = Debug|Any CPU
		{DC1365F1-9F3D-4880-B253-7D812BE935A7}.Debug|Any CPU.Build.0 = Debug|Any CPU
		{DC1365F1-9F3D-4880-B253-7D812BE935A7}.Release|Any CPU.ActiveCfg = Release|Any CPU
		{DC1365F1-9F3D-4880-B253-7D812BE935A7}.Release|Any CPU.Build.0 = Release|Any CPU
	EndGlobalSection
	GlobalSection(SolutionProperties) = preSolution
		HideSolutionNode = FALSE
	EndGlobalSection
	GlobalSection(ExtensibilityGlobals) = postSolution
		SolutionGuid = {B5189AB8-9171-4BC8-B1A6-5F7E321E8F28}
	EndGlobalSection
EndGlobal
